
Microsoft Visual Studio Solution File, Format Version 11.00
# Visual C# Express 2010
Project("{FAE04EC0-301F-11D3-BF4B-00C04F79EFBC}") = "GameProject", "GameProject\GameProject\GameProject.csproj", "{C7805BDF-47EF-4F0F-8E54-6382355A5010}"
EndProject
Project("{96E2B04D-8817-42C6-938A-82C39BA4D311}") = "GameProjectContent", "GameProject\GameProjectContent\GameProjectContent.contentproj", "{6B6E5583-F9AF-4F21-80BA-8374DB473774}"
EndProject
Global
	GlobalSection(SolutionConfigurationPlatforms) = preSolution
		Debug|x86 = Debug|x86
		Release|x86 = Release|x86
	EndGlobalSection
	GlobalSection(ProjectConfigurationPlatforms) = postSolution
		{C7805BDF-47EF-4F0F-8E54-6382355A5010}.Debug|x86.ActiveCfg = Debug|x86
		{C7805BDF-47EF-4F0F-8E54-6382355A5010}.Debug|x86.Build.0 = Debug|x86
		{C7805BDF-47EF-4F0F-8E54-6382355A5010}.Release|x86.ActiveCfg = Release|x86
		{C7805BDF-47EF-4F0F-8E54-6382355A5010}.Release|x86.Build.0 = Release|x86
		{6B6E5583-F9AF-4F21-80BA-8374DB473774}.Debug|x86.ActiveCfg = Debug|x86
		{6B6E5583-F9AF-4F21-80BA-8374DB473774}.Release|x86.ActiveCfg = Release|x86
	EndGlobalSection
	GlobalSection(SolutionProperties) = preSolution
		HideSolutionNode = FALSE
	EndGlobalSection
EndGlobal
